
Microsoft Visual Studio Solution File, Format Version 12.00
# Visual Studio Version 17
VisualStudioVersion = 17.4.33213.308
MinimumVisualStudioVersion = 10.0.40219.1
Project("{FAE04EC0-301F-11D3-BF4B-00C04F79EFBC}") = "OperatiiMatrice", "OperatiiMatrice\OperatiiMatrice.csproj", "{AAE1C0F3-62E2-4911-A43B-EFF4D45080C4}"
EndProject
Global
	GlobalSection(SolutionConfigurationPlatforms) = preSolution
		Debug|Any CPU = Debug|Any CPU
		Release|Any CPU = Release|Any CPU
	EndGlobalSection
	GlobalSection(ProjectConfigurationPlatforms) = postSolution
		{AAE1C0F3-62E2-4911-A43B-EFF4D45080C4}.Debug|Any CPU.ActiveCfg = Debug|Any CPU
		{AAE1C0F3-62E2-4911-A43B-EFF4D45080C4}.Debug|Any CPU.Build.0 = Debug|Any CPU
		{AAE1C0F3-62E2-4911-A43B-EFF4D45080C4}.Release|Any CPU.ActiveCfg = Release|Any CPU
		{AAE1C0F3-62E2-4911-A43B-EFF4D45080C4}.Release|Any CPU.Build.0 = Release|Any CPU
	EndGlobalSection
	GlobalSection(SolutionProperties) = preSolution
		HideSolutionNode = FALSE
	EndGlobalSection
	GlobalSection(ExtensibilityGlobals) = postSolution
		SolutionGuid = {45CD5D04-6E48-425C-AFD0-4F37915A4256}
	EndGlobalSection
EndGlobal
